
Microsoft Visual Studio Solution File, Format Version 12.00
# Visual Studio Version 16
VisualStudioVersion = 16.0.31112.23
MinimumVisualStudioVersion = 10.0.40219.1
Project("{FAE04EC0-301F-11D3-BF4B-00C04F79EFBC}") = "LinkedList", "LinkedList\LinkedList.csproj", "{378D458B-5EAA-4D45-9E4C-29ED777590C8}"
EndProject
Global
	GlobalSection(SolutionConfigurationPlatforms) = preSolution
		Debug|Any CPU = Debug|Any CPU
		Release|Any CPU = Release|Any CPU
	EndGlobalSection
	GlobalSection(ProjectConfigurationPlatforms) = postSolution
		{378D458B-5EAA-4D45-9E4C-29ED777590C8}.Debug|Any CPU.ActiveCfg = Debug|Any CPU
		{378D458B-5EAA-4D45-9E4C-29ED777590C8}.Debug|Any CPU.Build.0 = Debug|Any CPU
		{378D458B-5EAA-4D45-9E4C-29ED777590C8}.Release|Any CPU.ActiveCfg = Release|Any CPU
		{378D458B-5EAA-4D45-9E4C-29ED777590C8}.Release|Any CPU.Build.0 = Release|Any CPU
	EndGlobalSection
	GlobalSection(SolutionProperties) = preSolution
		HideSolutionNode = FALSE
	EndGlobalSection
	GlobalSection(ExtensibilityGlobals) = postSolution
		SolutionGuid = {D2DFC0D6-0BBE-4546-A5B5-C781DB4A1519}
	EndGlobalSection
EndGlobal
